
Microsoft Visual Studio Solution File, Format Version 12.00
# Visual Studio Version 17
VisualStudioVersion = 17.0.31903.59
MinimumVisualStudioVersion = 10.0.40219.1
Project("{2150E333-8FDC-42A3-9474-1A3956D46DE8}") = "src", "src", "{DB254301-4059-49D0-A5B0-25C614689F63}"
EndProject
Project("{FAE04EC0-301F-11D3-BF4B-00C04F79EFBC}") = "MerkaCentro.Domain", "src\MerkaCentro.Domain\MerkaCentro.Domain.csproj", "{EC748D92-D9EC-438D-87EA-F638C8BE709D}"
EndProject
Project("{FAE04EC0-301F-11D3-BF4B-00C04F79EFBC}") = "MerkaCentro.Application", "src\MerkaCentro.Application\MerkaCentro.Application.csproj", "{2EC0EBCF-7FB2-4A04-A7BB-9F0E5C1C15DA}"
EndProject
Project("{FAE04EC0-301F-11D3-BF4B-00C04F79EFBC}") = "MerkaCentro.Infrastructure", "src\MerkaCentro.Infrastructure\MerkaCentro.Infrastructure.csproj", "{5293E222-9D15-4676-BFE6-BF5A121A954C}"
EndProject
Project("{FAE04EC0-301F-11D3-BF4B-00C04F79EFBC}") = "MerkaCentro.Web", "src\MerkaCentro.Web\MerkaCentro.Web.csproj", "{24B70452-0627-420D-AB55-69A37CF2C66C}"
EndProject
Project("{2150E333-8FDC-42A3-9474-1A3956D46DE8}") = "tests", "tests", "{3DADC782-0BD5-4A96-B655-CEFB56F93E5F}"
EndProject
Project("{FAE04EC0-301F-11D3-BF4B-00C04F79EFBC}") = "MerkaCentro.Domain.Tests", "tests\MerkaCentro.Domain.Tests\MerkaCentro.Domain.Tests.csproj", "{037608BF-2E96-427C-8EF2-C6A04F171C08}"
EndProject
Project("{FAE04EC0-301F-11D3-BF4B-00C04F79EFBC}") = "MerkaCentro.Application.Tests", "tests\MerkaCentro.Application.Tests\MerkaCentro.Application.Tests.csproj", "{2797AB15-7C53-4BB8-A0D1-D4BD8680C2C2}"
EndProject
Project("{FAE04EC0-301F-11D3-BF4B-00C04F79EFBC}") = "MerkaCentro.Infrastructure.Tests", "tests\MerkaCentro.Infrastructure.Tests\MerkaCentro.Infrastructure.Tests.csproj", "{87967385-A03C-42E4-8F5B-05A5D8F39345}"
EndProject
Global
	GlobalSection(SolutionConfigurationPlatforms) = preSolution
		Debug|Any CPU = Debug|Any CPU
		Release|Any CPU = Release|Any CPU
	EndGlobalSection
	GlobalSection(SolutionProperties) = preSolution
		HideSolutionNode = FALSE
	EndGlobalSection
	GlobalSection(ProjectConfigurationPlatforms) = postSolution
		{EC748D92-D9EC-438D-87EA-F638C8BE709D}.Debug|Any CPU.ActiveCfg = Debug|Any CPU
		{EC748D92-D9EC-438D-87EA-F638C8BE709D}.Debug|Any CPU.Build.0 = Debug|Any CPU
		{EC748D92-D9EC-438D-87EA-F638C8BE709D}.Release|Any CPU.ActiveCfg = Release|Any CPU
		{EC748D92-D9EC-438D-87EA-F638C8BE709D}.Release|Any CPU.Build.0 = Release|Any CPU
		{2EC0EBCF-7FB2-4A04-A7BB-9F0E5C1C15DA}.Debug|Any CPU.ActiveCfg = Debug|Any CPU
		{2EC0EBCF-7FB2-4A04-A7BB-9F0E5C1C15DA}.Debug|Any CPU.Build.0 = Debug|Any CPU
		{2EC0EBCF-7FB2-4A04-A7BB-9F0E5C1C15DA}.Release|Any CPU.ActiveCfg = Release|Any CPU
		{2EC0EBCF-7FB2-4A04-A7BB-9F0E5C1C15DA}.Release|Any CPU.Build.0 = Release|Any CPU
		{5293E222-9D15-4676-BFE6-BF5A121A954C}.Debug|Any CPU.ActiveCfg = Debug|Any CPU
		{5293E222-9D15-4676-BFE6-BF5A121A954C}.Debug|Any CPU.Build.0 = Debug|Any CPU
		{5293E222-9D15-4676-BFE6-BF5A121A954C}.Release|Any CPU.ActiveCfg = Release|Any CPU
		{5293E222-9D15-4676-BFE6-BF5A121A954C}.Release|Any CPU.Build.0 = Release|Any CPU
		{24B70452-0627-420D-AB55-69A37CF2C66C}.Debug|Any CPU.ActiveCfg = Debug|Any CPU
		{24B70452-0627-420D-AB55-69A37CF2C66C}.Debug|Any CPU.Build.0 = Debug|Any CPU
		{24B70452-0627-420D-AB55-69A37CF2C66C}.Release|Any CPU.ActiveCfg = Release|Any CPU
		{24B70452-0627-420D-AB55-69A37CF2C66C}.Release|Any CPU.Build.0 = Release|Any CPU
		{037608BF-2E96-427C-8EF2-C6A04F171C08}.Debug|Any CPU.ActiveCfg = Debug|Any CPU
		{037608BF-2E96-427C-8EF2-C6A04F171C08}.Debug|Any CPU.Build.0 = Debug|Any CPU
		{037608BF-2E96-427C-8EF2-C6A04F171C08}.Release|Any CPU.ActiveCfg = Release|Any CPU
		{037608BF-2E96-427C-8EF2-C6A04F171C08}.Release|Any CPU.Build.0 = Release|Any CPU
		{2797AB15-7C53-4BB8-A0D1-D4BD8680C2C2}.Debug|Any CPU.ActiveCfg = Debug|Any CPU
		{2797AB15-7C53-4BB8-A0D1-D4BD8680C2C2}.Debug|Any CPU.Build.0 = Debug|Any CPU
		{2797AB15-7C53-4BB8-A0D1-D4BD8680C2C2}.Release|Any CPU.ActiveCfg = Release|Any CPU
		{2797AB15-7C53-4BB8-A0D1-D4BD8680C2C2}.Release|Any CPU.Build.0 = Release|Any CPU
		{87967385-A03C-42E4-8F5B-05A5D8F39345}.Debug|Any CPU.ActiveCfg = Debug|Any CPU
		{87967385-A03C-42E4-8F5B-05A5D8F39345}.Debug|Any CPU.Build.0 = Debug|Any CPU
		{87967385-A03C-42E4-8F5B-05A5D8F39345}.Release|Any CPU.ActiveCfg = Release|Any CPU
		{87967385-A03C-42E4-8F5B-05A5D8F39345}.Release|Any CPU.Build.0 = Release|Any CPU
	EndGlobalSection
	GlobalSection(NestedProjects) = preSolution
		{EC748D92-D9EC-438D-87EA-F638C8BE709D} = {DB254301-4059-49D0-A5B0-25C614689F63}
		{2EC0EBCF-7FB2-4A04-A7BB-9F0E5C1C15DA} = {DB254301-4059-49D0-A5B0-25C614689F63}
		{5293E222-9D15-4676-BFE6-BF5A121A954C} = {DB254301-4059-49D0-A5B0-25C614689F63}
		{24B70452-0627-420D-AB55-69A37CF2C66C} = {DB254301-4059-49D0-A5B0-25C614689F63}
		{037608BF-2E96-427C-8EF2-C6A04F171C08} = {3DADC782-0BD5-4A96-B655-CEFB56F93E5F}
		{2797AB15-7C53-4BB8-A0D1-D4BD8680C2C2} = {3DADC782-0BD5-4A96-B655-CEFB56F93E5F}
		{87967385-A03C-42E4-8F5B-05A5D8F39345} = {3DADC782-0BD5-4A96-B655-CEFB56F93E5F}
	EndGlobalSection
EndGlobal
